
Microsoft Visual Studio Solution File, Format Version 12.00
# Visual Studio 15
VisualStudioVersion = 15.0.27703.2000
MinimumVisualStudioVersion = 10.0.40219.1
Project("{FAE04EC0-301F-11D3-BF4B-00C04F79EFBC}") = "CAPDE", "CAPDE\CAPDE.csproj", "{DF0F7416-26A9-4580-A78D-6C13A7464BB1}"
EndProject
Project("{54435603-DBB4-11D2-8724-00A0C9A8B90C}") = "Setup", "Setup\Setup.vdproj", "{173FFED6-F862-411F-A3F6-A37CCE2A096D}"
EndProject
Project("{FAE04EC0-301F-11D3-BF4B-00C04F79EFBC}") = "CAPDE ImportingData", "CAPDE ImportingData\CAPDE ImportingData.csproj", "{F684DCF6-EAC3-49A4-AD24-30E24B4F54A7}"
EndProject
Project("{FAE04EC0-301F-11D3-BF4B-00C04F79EFBC}") = "CAPDECommon", "Common\CAPDECommon.csproj", "{C0F8C0DD-B03B-4752-8CB1-37D0B861A2ED}"
EndProject
Project("{FAE04EC0-301F-11D3-BF4B-00C04F79EFBC}") = "CAPDEData", "CAPDEData\CAPDEData.csproj", "{0D68DE24-DA25-4201-9474-F639AE39D5A3}"
EndProject
Global
	GlobalSection(SolutionConfigurationPlatforms) = preSolution
		Debug|Any CPU = Debug|Any CPU
		Debug|x86 = Debug|x86
		Release|Any CPU = Release|Any CPU
		Release|x86 = Release|x86
		x86|Any CPU = x86|Any CPU
		x86|x86 = x86|x86
	EndGlobalSection
	GlobalSection(ProjectConfigurationPlatforms) = postSolution
		{DF0F7416-26A9-4580-A78D-6C13A7464BB1}.Debug|Any CPU.ActiveCfg = Debug|Any CPU
		{DF0F7416-26A9-4580-A78D-6C13A7464BB1}.Debug|Any CPU.Build.0 = Debug|Any CPU
		{DF0F7416-26A9-4580-A78D-6C13A7464BB1}.Debug|x86.ActiveCfg = Release|x86
		{DF0F7416-26A9-4580-A78D-6C13A7464BB1}.Debug|x86.Build.0 = Release|x86
		{DF0F7416-26A9-4580-A78D-6C13A7464BB1}.Release|Any CPU.ActiveCfg = Release|Any CPU
		{DF0F7416-26A9-4580-A78D-6C13A7464BB1}.Release|Any CPU.Build.0 = Release|Any CPU
		{DF0F7416-26A9-4580-A78D-6C13A7464BB1}.Release|x86.ActiveCfg = Release|x86
		{DF0F7416-26A9-4580-A78D-6C13A7464BB1}.Release|x86.Build.0 = Release|x86
		{DF0F7416-26A9-4580-A78D-6C13A7464BB1}.x86|Any CPU.ActiveCfg = Release|Any CPU
		{DF0F7416-26A9-4580-A78D-6C13A7464BB1}.x86|Any CPU.Build.0 = Release|Any CPU
		{DF0F7416-26A9-4580-A78D-6C13A7464BB1}.x86|x86.ActiveCfg = Debug|x86
		{DF0F7416-26A9-4580-A78D-6C13A7464BB1}.x86|x86.Build.0 = Debug|x86
		{173FFED6-F862-411F-A3F6-A37CCE2A096D}.Debug|Any CPU.ActiveCfg = Debug
		{173FFED6-F862-411F-A3F6-A37CCE2A096D}.Debug|x86.ActiveCfg = Debug
		{173FFED6-F862-411F-A3F6-A37CCE2A096D}.Debug|x86.Build.0 = Debug
		{173FFED6-F862-411F-A3F6-A37CCE2A096D}.Release|Any CPU.ActiveCfg = Release
		{173FFED6-F862-411F-A3F6-A37CCE2A096D}.Release|x86.ActiveCfg = Release
		{173FFED6-F862-411F-A3F6-A37CCE2A096D}.Release|x86.Build.0 = Release
		{173FFED6-F862-411F-A3F6-A37CCE2A096D}.x86|Any CPU.ActiveCfg = Release
		{173FFED6-F862-411F-A3F6-A37CCE2A096D}.x86|Any CPU.Build.0 = Release
		{173FFED6-F862-411F-A3F6-A37CCE2A096D}.x86|x86.ActiveCfg = Release
		{173FFED6-F862-411F-A3F6-A37CCE2A096D}.x86|x86.Build.0 = Release
		{F684DCF6-EAC3-49A4-AD24-30E24B4F54A7}.Debug|Any CPU.ActiveCfg = Debug|Any CPU
		{F684DCF6-EAC3-49A4-AD24-30E24B4F54A7}.Debug|Any CPU.Build.0 = Debug|Any CPU
		{F684DCF6-EAC3-49A4-AD24-30E24B4F54A7}.Debug|x86.ActiveCfg = Debug|Any CPU
		{F684DCF6-EAC3-49A4-AD24-30E24B4F54A7}.Debug|x86.Build.0 = Debug|Any CPU
		{F684DCF6-EAC3-49A4-AD24-30E24B4F54A7}.Release|Any CPU.ActiveCfg = Release|Any CPU
		{F684DCF6-EAC3-49A4-AD24-30E24B4F54A7}.Release|Any CPU.Build.0 = Release|Any CPU
		{F684DCF6-EAC3-49A4-AD24-30E24B4F54A7}.Release|x86.ActiveCfg = Release|Any CPU
		{F684DCF6-EAC3-49A4-AD24-30E24B4F54A7}.Release|x86.Build.0 = Release|Any CPU
		{F684DCF6-EAC3-49A4-AD24-30E24B4F54A7}.x86|Any CPU.ActiveCfg = Release|Any CPU
		{F684DCF6-EAC3-49A4-AD24-30E24B4F54A7}.x86|Any CPU.Build.0 = Release|Any CPU
		{F684DCF6-EAC3-49A4-AD24-30E24B4F54A7}.x86|x86.ActiveCfg = Release|Any CPU
		{F684DCF6-EAC3-49A4-AD24-30E24B4F54A7}.x86|x86.Build.0 = Release|Any CPU
		{C0F8C0DD-B03B-4752-8CB1-37D0B861A2ED}.Debug|Any CPU.ActiveCfg = Debug|Any CPU
		{C0F8C0DD-B03B-4752-8CB1-37D0B861A2ED}.Debug|Any CPU.Build.0 = Debug|Any CPU
		{C0F8C0DD-B03B-4752-8CB1-37D0B861A2ED}.Debug|x86.ActiveCfg = Debug|Any CPU
		{C0F8C0DD-B03B-4752-8CB1-37D0B861A2ED}.Debug|x86.Build.0 = Debug|Any CPU
		{C0F8C0DD-B03B-4752-8CB1-37D0B861A2ED}.Release|Any CPU.ActiveCfg = Release|Any CPU
		{C0F8C0DD-B03B-4752-8CB1-37D0B861A2ED}.Release|Any CPU.Build.0 = Release|Any CPU
		{C0F8C0DD-B03B-4752-8CB1-37D0B861A2ED}.Release|x86.ActiveCfg = Release|Any CPU
		{C0F8C0DD-B03B-4752-8CB1-37D0B861A2ED}.Release|x86.Build.0 = Release|Any CPU
		{C0F8C0DD-B03B-4752-8CB1-37D0B861A2ED}.x86|Any CPU.ActiveCfg = Release|Any CPU
		{C0F8C0DD-B03B-4752-8CB1-37D0B861A2ED}.x86|Any CPU.Build.0 = Release|Any CPU
		{C0F8C0DD-B03B-4752-8CB1-37D0B861A2ED}.x86|x86.ActiveCfg = Release|Any CPU
		{C0F8C0DD-B03B-4752-8CB1-37D0B861A2ED}.x86|x86.Build.0 = Release|Any CPU
		{0D68DE24-DA25-4201-9474-F639AE39D5A3}.Debug|Any CPU.ActiveCfg = Debug|Any CPU
		{0D68DE24-DA25-4201-9474-F639AE39D5A3}.Debug|Any CPU.Build.0 = Debug|Any CPU
		{0D68DE24-DA25-4201-9474-F639AE39D5A3}.Debug|x86.ActiveCfg = Debug|Any CPU
		{0D68DE24-DA25-4201-9474-F639AE39D5A3}.Debug|x86.Build.0 = Debug|Any CPU
		{0D68DE24-DA25-4201-9474-F639AE39D5A3}.Release|Any CPU.ActiveCfg = Release|Any CPU
		{0D68DE24-DA25-4201-9474-F639AE39D5A3}.Release|Any CPU.Build.0 = Release|Any CPU
		{0D68DE24-DA25-4201-9474-F639AE39D5A3}.Release|x86.ActiveCfg = Release|Any CPU
		{0D68DE24-DA25-4201-9474-F639AE39D5A3}.Release|x86.Build.0 = Release|Any CPU
		{0D68DE24-DA25-4201-9474-F639AE39D5A3}.x86|Any CPU.ActiveCfg = Release|Any CPU
		{0D68DE24-DA25-4201-9474-F639AE39D5A3}.x86|Any CPU.Build.0 = Release|Any CPU
		{0D68DE24-DA25-4201-9474-F639AE39D5A3}.x86|x86.ActiveCfg = Release|Any CPU
		{0D68DE24-DA25-4201-9474-F639AE39D5A3}.x86|x86.Build.0 = Release|Any CPU
	EndGlobalSection
	GlobalSection(SolutionProperties) = preSolution
		HideSolutionNode = FALSE
	EndGlobalSection
	GlobalSection(ExtensibilityGlobals) = postSolution
		SolutionGuid = {340E6263-1AF3-4689-9A5E-CC0C3C888E09}
	EndGlobalSection
EndGlobal
